// !$*UTF8*$!
{
	archiveVersion = 1;
	classes = {
	};
	objectVersion = 46;
	objects = {

/* Begin PBXBuildFile section */
		922B65201A189BF8004F4144 /* heapify.c in Sources */ = {isa = PBXBuildFile; fileRef = 922B651E1A189BF8004F4144 /* heapify.c */; };
/* End PBXBuildFile section */

/* Begin PBXCopyFilesBuildPhase section */
		928F924F1A14B7D600C020ED /* CopyFiles */ = {
			isa = PBXCopyFilesBuildPhase;
			buildActionMask = 2147483647;
			dstPath = /usr/share/man/man1/;
			dstSubfolderSpec = 0;
			files = (
			);
			runOnlyForDeploymentPostprocessing = 1;
		};
/* End PBXCopyFilesBuildPhase section */

/* Begin PBXFileReference section */
		922B651E1A189BF8004F4144 /* heapify.c */ = {isa = PBXFileReference; fileEncoding = 4; lastKnownFileType = sourcecode.c.c; name = heapify.c; path = Heapify/heapify.c; sourceTree = SOURCE_ROOT; };
		928F92511A14B7D600C020ED /* Heapify */ = {isa = PBXFileReference; explicitFileType = "compiled.mach-o.executable"; includeInIndex = 0; path = Heapify; sourceTree = BUILT_PRODUCTS_DIR; };
/* End PBXFileReference section */

/* Begin PBXFrameworksBuildPhase section */
		928F924E1A14B7D600C020ED /* Frameworks */ = {
			isa = PBXFrameworksBuildPhase;
			buildActionMask = 2147483647;
			files = (
			);
			runOnlyForDeploymentPostprocessing = 0;
		};
/* End PBXFrameworksBuildPhase section */

/* Begin PBXGroup section */
		928F92481A14B7D600C020ED = {
			isa = PBXGroup;
			children = (
				928F92531A14B7D600C020ED /* Heapify */,
				928F92521A14B7D600C020ED /* Products */,
			);
			sourceTree = "<group>";
		};
		928F92521A14B7D600C020ED /* Products */ = {
			isa = PBXGroup;
			children = (
				928F92511A14B7D600C020ED /* Heapify */,
			);
			name = Products;
			sourceTree = "<group>";
		};
		928F92531A14B7D600C020ED /* Heapify */ = {
			isa = PBXGroup;
			children = (
				922B651E1A189BF8004F4144 /* heapify.c */,
			);
			name = Heapify;
			path = HeapSort;
			sourceTree = "<group>";
		};
/* End PBXGroup section */

/* Begin PBXNativeTarget section */
		928F92501A14B7D600C020ED /* Heapify */ = {
			isa = PBXNativeTarget;
			buildConfigurationList = 928F92581A14B7D600C020ED /* Build configuration list for PBXNativeTarget "Heapify" */;
			buildPhases = (
				928F924D1A14B7D600C020ED /* Sources */,
				928F924E1A14B7D600C020ED /* Frameworks */,
				928F924F1A14B7D600C020ED /* CopyFiles */,
			);
			buildRules = (
			);
			dependencies = (
			);
			name = Heapify;
			productName = HeapSort;
			productReference = 928F92511A14B7D600C020ED /* Heapify */;
			productType = "com.apple.product-type.tool";
		};
/* End PBXNativeTarget section */

/* Begin PBXProject section */
		928F92491A14B7D600C020ED /* Project object */ = {
			isa = PBXProject;
			attributes = {
				LastUpgradeCheck = 0610;
				ORGANIZATIONNAME = "김다혜";
				TargetAttributes = {
					928F92501A14B7D600C020ED = {
						CreatedOnToolsVersion = 6.1;
					};
				};
			};
			buildConfigurationList = 928F924C1A14B7D600C020ED /* Build configuration list for PBXProject "Heapify" */;
			compatibilityVersion = "Xcode 3.2";
			developmentRegion = English;
			hasScannedForEncodings = 0;
			knownRegions = (
				en,
			);
			mainGroup = 928F92481A14B7D600C020ED;
			productRefGroup = 928F92521A14B7D600C020ED /* Products */;
			projectDirPath = "";
			projectRoot = "";
			targets = (
				928F92501A14B7D600C020ED /* Heapify */,
			);
		};
/* End PBXProject section */

/* Begin PBXSourcesBuildPhase section */
		928F924D1A14B7D600C020ED /* Sources */ = {
			isa = PBXSourcesBuildPhase;
			buildActionMask = 2147483647;
			files = (
				922B65201A189BF8004F4144 /* heapify.c in Sources */,
			);
			runOnlyForDeploymentPostprocessing = 0;
		};
/* End PBXSourcesBuildPhase section */

/* Begin XCBuildConfiguration section */
		928F92561A14B7D600C020ED /* Debug */ = {
			isa = XCBuildConfiguration;
			buildSettings = {
				ALWAYS_SEARCH_USER_PATHS = NO;
				CLANG_CXX_LANGUAGE_STANDARD = "gnu++0x";
				CLANG_CXX_LIBRARY = "libc++";
				CLANG_ENABLE_MODULES = YES;
				CLANG_ENABLE_OBJC_ARC = YES;
				CLANG_WARN_BOOL_CONVERSION = YES;
				CLANG_WARN_CONSTANT_CONVERSION = YES;
				CLANG_WARN_DIRECT_OBJC_ISA_USAGE = YES_ERROR;
				CLANG_WARN_EMPTY_BODY = YES;
				CLANG_WARN_ENUM_CONVERSION = YES;
				CLANG_WARN_INT_CONVERSION = YES;
				CLANG_WARN_OBJC_ROOT_CLASS = YES_ERROR;
				CLANG_WARN_UNREACHABLE_CODE = YES;
				CLANG_WARN__DUPLICATE_METHOD_MATCH = YES;
				COPY_PHASE_STRIP = NO;
				ENABLE_STRICT_OBJC_MSGSEND = YES;
				GCC_C_LANGUAGE_STANDARD = gnu99;
				GCC_DYNAMIC_NO_PIC = NO;
				GCC_OPTIMIZATION_LEVEL = 0;
				GCC_PREPROCESSOR_DEFINITIONS = (
					"DEBUG=1",
					"$(inherited)",
				);
				GCC_SYMBOLS_PRIVATE_EXTERN = NO;
				GCC_WARN_64_TO_32_BIT_CONVERSION = YES;
				GCC_WARN_ABOUT_RETURN_TYPE = YES_ERROR;
				GCC_WARN_UNDECLARED_SELECTOR = YES;
				GCC_WARN_UNINITIALIZED_AUTOS = YES_AGGRESSIVE;
				GCC_WARN_UNUSED_FUNCTION = YES;
				GCC_WARN_UNUSED_VARIABLE = YES;
				MACOSX_DEPLOYMENT_TARGET = 10.9;
				MTL_ENABLE_DEBUG_INFO = YES;
				ONLY_ACTIVE_ARCH = YES;
				SDKROOT = macosx;
			};
			name = Debug;
		};
		928F92571A14B7D600C020ED /* Release */ = {
			isa = XCBuildConfiguration;
			buildSettings = {
				ALWAYS_SEARCH_USER_PATHS = NO;
				CLANG_CXX_LANGUAGE_STANDARD = "gnu++0x";
				CLANG_CXX_LIBRARY = "libc++";
				CLANG_ENABLE_MODULES = YES;
				CLANG_ENABLE_OBJC_ARC = YES;
				CLANG_WARN_BOOL_CONVERSION = YES;
				CLANG_WARN_CONSTANT_CONVERSION = YES;
				CLANG_WARN_DIRECT_OBJC_ISA_USAGE = YES_ERROR;
				CLANG_WARN_EMPTY_BODY = YES;
				CLANG_WARN_ENUM_CONVERSION = YES;
				CLANG_WARN_INT_CONVERSION = YES;
				CLANG_WARN_OBJC_ROOT_CLASS = YES_ERROR;
				CLANG_WARN_UNREACHABLE_CODE = YES;
				CLANG_WARN__DUPLICATE_METHOD_MATCH = YES;
				COPY_PHASE_STRIP = YES;
				DEBUG_INFORMATION_FORMAT = "dwarf-with-dsym";
				ENABLE_NS_ASSERTIONS = NO;
				ENABLE_STRICT_OBJC_MSGSEND = YES;
				GCC_C_LANGUAGE_STANDARD = gnu99;
				GCC_WARN_64_TO_32_BIT_CONVERSION = YES;
				GCC_WARN_ABOUT_RETURN_TYPE = YES_ERROR;
				GCC_WARN_UNDECLARED_SELECTOR = YES;
				GCC_WARN_UNINITIALIZED_AUTOS = YES_AGGRESSIVE;
				GCC_WARN_UNUSED_FUNCTION = YES;
				GCC_WARN_UNUSED_VARIABLE = YES;
				MACOSX_DEPLOYMENT_TARGET = 10.9;
				MTL_ENABLE_DEBUG_INFO = NO;
				SDKROOT = macosx;
			};
			name = Release;
		};
		928F92591A14B7D600C020ED /* Debug */ = {
			isa = XCBuildConfiguration;
			buildSettings = {
				PRODUCT_NAME = Heapify;
			};
			name = Debug;
		};
		928F925A1A14B7D600C020ED /* Release */ = {
			isa = XCBuildConfiguration;
			buildSettings = {
				PRODUCT_NAME = Heapify;
			};
			name = Release;
		};
/* End XCBuildConfiguration section */

/* Begin XCConfigurationList section */
		928F924C1A14B7D600C020ED /* Build configuration list for PBXProject "Heapify" */ = {
			isa = XCConfigurationList;
			buildConfigurations = (
				928F92561A14B7D600C020ED /* Debug */,
				928F92571A14B7D600C020ED /* Release */,
			);
			defaultConfigurationIsVisible = 0;
			defaultConfigurationName = Release;
		};
		928F92581A14B7D600C020ED /* Build configuration list for PBXNativeTarget "Heapify" */ = {
			isa = XCConfigurationList;
			buildConfigurations = (
				928F92591A14B7D600C020ED /* Debug */,
				928F925A1A14B7D600C020ED /* Release */,
			);
			defaultConfigurationIsVisible = 0;
			defaultConfigurationName = Release;
		};
/* End XCConfigurationList section */
	};
	rootObject = 928F92491A14B7D600C020ED /* Project object */;
}
