// !$*UTF8*$!
{
	archiveVersion = 1;
	classes = {
	};
	objectVersion = 46;
	objects = {

/* Begin PBXBuildFile section */
		923C2C081A261E4D00ED6FE7 /* selectKthOrder.c in Sources */ = {isa = PBXBuildFile; fileRef = 923C2C071A261E4D00ED6FE7 /* selectKthOrder.c */; };
/* End PBXBuildFile section */

/* Begin PBXCopyFilesBuildPhase section */
		923C2C021A261E4D00ED6FE7 /* CopyFiles */ = {
			isa = PBXCopyFilesBuildPhase;
			buildActionMask = 2147483647;
			dstPath = /usr/share/man/man1/;
			dstSubfolderSpec = 0;
			files = (
			);
			runOnlyForDeploymentPostprocessing = 1;
		};
/* End PBXCopyFilesBuildPhase section */

/* Begin PBXFileReference section */
		923C2C041A261E4D00ED6FE7 /* SelectKthOrder */ = {isa = PBXFileReference; explicitFileType = "compiled.mach-o.executable"; includeInIndex = 0; path = SelectKthOrder; sourceTree = BUILT_PRODUCTS_DIR; };
		923C2C071A261E4D00ED6FE7 /* selectKthOrder.c */ = {isa = PBXFileReference; lastKnownFileType = sourcecode.c.c; path = selectKthOrder.c; sourceTree = "<group>"; };
/* End PBXFileReference section */

/* Begin PBXFrameworksBuildPhase section */
		923C2C011A261E4D00ED6FE7 /* Frameworks */ = {
			isa = PBXFrameworksBuildPhase;
			buildActionMask = 2147483647;
			files = (
			);
			runOnlyForDeploymentPostprocessing = 0;
		};
/* End PBXFrameworksBuildPhase section */

/* Begin PBXGroup section */
		923C2BFB1A261E4D00ED6FE7 = {
			isa = PBXGroup;
			children = (
				923C2C061A261E4D00ED6FE7 /* SelectKthOrder */,
				923C2C051A261E4D00ED6FE7 /* Products */,
			);
			sourceTree = "<group>";
		};
		923C2C051A261E4D00ED6FE7 /* Products */ = {
			isa = PBXGroup;
			children = (
				923C2C041A261E4D00ED6FE7 /* SelectKthOrder */,
			);
			name = Products;
			sourceTree = "<group>";
		};
		923C2C061A261E4D00ED6FE7 /* SelectKthOrder */ = {
			isa = PBXGroup;
			children = (
				923C2C071A261E4D00ED6FE7 /* selectKthOrder.c */,
			);
			path = SelectKthOrder;
			sourceTree = "<group>";
		};
/* End PBXGroup section */

/* Begin PBXNativeTarget section */
		923C2C031A261E4D00ED6FE7 /* SelectKthOrder */ = {
			isa = PBXNativeTarget;
			buildConfigurationList = 923C2C0B1A261E4D00ED6FE7 /* Build configuration list for PBXNativeTarget "SelectKthOrder" */;
			buildPhases = (
				923C2C001A261E4D00ED6FE7 /* Sources */,
				923C2C011A261E4D00ED6FE7 /* Frameworks */,
				923C2C021A261E4D00ED6FE7 /* CopyFiles */,
			);
			buildRules = (
			);
			dependencies = (
			);
			name = SelectKthOrder;
			productName = SelectKthOrder;
			productReference = 923C2C041A261E4D00ED6FE7 /* SelectKthOrder */;
			productType = "com.apple.product-type.tool";
		};
/* End PBXNativeTarget section */

/* Begin PBXProject section */
		923C2BFC1A261E4D00ED6FE7 /* Project object */ = {
			isa = PBXProject;
			attributes = {
				LastUpgradeCheck = 0610;
				ORGANIZATIONNAME = "김다혜";
				TargetAttributes = {
					923C2C031A261E4D00ED6FE7 = {
						CreatedOnToolsVersion = 6.1;
					};
				};
			};
			buildConfigurationList = 923C2BFF1A261E4D00ED6FE7 /* Build configuration list for PBXProject "SelectKthOrder" */;
			compatibilityVersion = "Xcode 3.2";
			developmentRegion = English;
			hasScannedForEncodings = 0;
			knownRegions = (
				en,
			);
			mainGroup = 923C2BFB1A261E4D00ED6FE7;
			productRefGroup = 923C2C051A261E4D00ED6FE7 /* Products */;
			projectDirPath = "";
			projectRoot = "";
			targets = (
				923C2C031A261E4D00ED6FE7 /* SelectKthOrder */,
			);
		};
/* End PBXProject section */

/* Begin PBXSourcesBuildPhase section */
		923C2C001A261E4D00ED6FE7 /* Sources */ = {
			isa = PBXSourcesBuildPhase;
			buildActionMask = 2147483647;
			files = (
				923C2C081A261E4D00ED6FE7 /* selectKthOrder.c in Sources */,
			);
			runOnlyForDeploymentPostprocessing = 0;
		};
/* End PBXSourcesBuildPhase section */

/* Begin XCBuildConfiguration section */
		923C2C091A261E4D00ED6FE7 /* Debug */ = {
			isa = XCBuildConfiguration;
			buildSettings = {
				ALWAYS_SEARCH_USER_PATHS = NO;
				CLANG_CXX_LANGUAGE_STANDARD = "gnu++0x";
				CLANG_CXX_LIBRARY = "libc++";
				CLANG_ENABLE_MODULES = YES;
				CLANG_ENABLE_OBJC_ARC = YES;
				CLANG_WARN_BOOL_CONVERSION = YES;
				CLANG_WARN_CONSTANT_CONVERSION = YES;
				CLANG_WARN_DIRECT_OBJC_ISA_USAGE = YES_ERROR;
				CLANG_WARN_EMPTY_BODY = YES;
				CLANG_WARN_ENUM_CONVERSION = YES;
				CLANG_WARN_INT_CONVERSION = YES;
				CLANG_WARN_OBJC_ROOT_CLASS = YES_ERROR;
				CLANG_WARN_UNREACHABLE_CODE = YES;
				CLANG_WARN__DUPLICATE_METHOD_MATCH = YES;
				COPY_PHASE_STRIP = NO;
				ENABLE_STRICT_OBJC_MSGSEND = YES;
				GCC_C_LANGUAGE_STANDARD = gnu99;
				GCC_DYNAMIC_NO_PIC = NO;
				GCC_OPTIMIZATION_LEVEL = 0;
				GCC_PREPROCESSOR_DEFINITIONS = (
					"DEBUG=1",
					"$(inherited)",
				);
				GCC_SYMBOLS_PRIVATE_EXTERN = NO;
				GCC_WARN_64_TO_32_BIT_CONVERSION = YES;
				GCC_WARN_ABOUT_RETURN_TYPE = YES_ERROR;
				GCC_WARN_UNDECLARED_SELECTOR = YES;
				GCC_WARN_UNINITIALIZED_AUTOS = YES_AGGRESSIVE;
				GCC_WARN_UNUSED_FUNCTION = YES;
				GCC_WARN_UNUSED_VARIABLE = YES;
				MACOSX_DEPLOYMENT_TARGET = 10.9;
				MTL_ENABLE_DEBUG_INFO = YES;
				ONLY_ACTIVE_ARCH = YES;
				SDKROOT = macosx;
			};
			name = Debug;
		};
		923C2C0A1A261E4D00ED6FE7 /* Release */ = {
			isa = XCBuildConfiguration;
			buildSettings = {
				ALWAYS_SEARCH_USER_PATHS = NO;
				CLANG_CXX_LANGUAGE_STANDARD = "gnu++0x";
				CLANG_CXX_LIBRARY = "libc++";
				CLANG_ENABLE_MODULES = YES;
				CLANG_ENABLE_OBJC_ARC = YES;
				CLANG_WARN_BOOL_CONVERSION = YES;
				CLANG_WARN_CONSTANT_CONVERSION = YES;
				CLANG_WARN_DIRECT_OBJC_ISA_USAGE = YES_ERROR;
				CLANG_WARN_EMPTY_BODY = YES;
				CLANG_WARN_ENUM_CONVERSION = YES;
				CLANG_WARN_INT_CONVERSION = YES;
				CLANG_WARN_OBJC_ROOT_CLASS = YES_ERROR;
				CLANG_WARN_UNREACHABLE_CODE = YES;
				CLANG_WARN__DUPLICATE_METHOD_MATCH = YES;
				COPY_PHASE_STRIP = YES;
				DEBUG_INFORMATION_FORMAT = "dwarf-with-dsym";
				ENABLE_NS_ASSERTIONS = NO;
				ENABLE_STRICT_OBJC_MSGSEND = YES;
				GCC_C_LANGUAGE_STANDARD = gnu99;
				GCC_WARN_64_TO_32_BIT_CONVERSION = YES;
				GCC_WARN_ABOUT_RETURN_TYPE = YES_ERROR;
				GCC_WARN_UNDECLARED_SELECTOR = YES;
				GCC_WARN_UNINITIALIZED_AUTOS = YES_AGGRESSIVE;
				GCC_WARN_UNUSED_FUNCTION = YES;
				GCC_WARN_UNUSED_VARIABLE = YES;
				MACOSX_DEPLOYMENT_TARGET = 10.9;
				MTL_ENABLE_DEBUG_INFO = NO;
				SDKROOT = macosx;
			};
			name = Release;
		};
		923C2C0C1A261E4D00ED6FE7 /* Debug */ = {
			isa = XCBuildConfiguration;
			buildSettings = {
				PRODUCT_NAME = "$(TARGET_NAME)";
			};
			name = Debug;
		};
		923C2C0D1A261E4D00ED6FE7 /* Release */ = {
			isa = XCBuildConfiguration;
			buildSettings = {
				PRODUCT_NAME = "$(TARGET_NAME)";
			};
			name = Release;
		};
/* End XCBuildConfiguration section */

/* Begin XCConfigurationList section */
		923C2BFF1A261E4D00ED6FE7 /* Build configuration list for PBXProject "SelectKthOrder" */ = {
			isa = XCConfigurationList;
			buildConfigurations = (
				923C2C091A261E4D00ED6FE7 /* Debug */,
				923C2C0A1A261E4D00ED6FE7 /* Release */,
			);
			defaultConfigurationIsVisible = 0;
			defaultConfigurationName = Release;
		};
		923C2C0B1A261E4D00ED6FE7 /* Build configuration list for PBXNativeTarget "SelectKthOrder" */ = {
			isa = XCConfigurationList;
			buildConfigurations = (
				923C2C0C1A261E4D00ED6FE7 /* Debug */,
				923C2C0D1A261E4D00ED6FE7 /* Release */,
			);
			defaultConfigurationIsVisible = 0;
		};
/* End XCConfigurationList section */
	};
	rootObject = 923C2BFC1A261E4D00ED6FE7 /* Project object */;
}
