// !$*UTF8*$!
{
	archiveVersion = 1;
	classes = {
	};
	objectVersion = 46;
	objects = {

/* Begin PBXBuildFile section */
		9229D0A61A04E39E0025A128 /* findMaxSubarray.c in Sources */ = {isa = PBXBuildFile; fileRef = 9229D0A51A04E39E0025A128 /* findMaxSubarray.c */; };
/* End PBXBuildFile section */

/* Begin PBXCopyFilesBuildPhase section */
		9229D0A01A04E39E0025A128 /* CopyFiles */ = {
			isa = PBXCopyFilesBuildPhase;
			buildActionMask = 2147483647;
			dstPath = /usr/share/man/man1/;
			dstSubfolderSpec = 0;
			files = (
			);
			runOnlyForDeploymentPostprocessing = 1;
		};
/* End PBXCopyFilesBuildPhase section */

/* Begin PBXFileReference section */
		9229D0A21A04E39E0025A128 /* FindMaxSubarray */ = {isa = PBXFileReference; explicitFileType = "compiled.mach-o.executable"; includeInIndex = 0; path = FindMaxSubarray; sourceTree = BUILT_PRODUCTS_DIR; };
		9229D0A51A04E39E0025A128 /* findMaxSubarray.c */ = {isa = PBXFileReference; lastKnownFileType = sourcecode.c.c; path = findMaxSubarray.c; sourceTree = "<group>"; };
/* End PBXFileReference section */

/* Begin PBXFrameworksBuildPhase section */
		9229D09F1A04E39E0025A128 /* Frameworks */ = {
			isa = PBXFrameworksBuildPhase;
			buildActionMask = 2147483647;
			files = (
			);
			runOnlyForDeploymentPostprocessing = 0;
		};
/* End PBXFrameworksBuildPhase section */

/* Begin PBXGroup section */
		9229D0991A04E39E0025A128 = {
			isa = PBXGroup;
			children = (
				9229D0A41A04E39E0025A128 /* FindMaxSubarray */,
				9229D0A31A04E39E0025A128 /* Products */,
			);
			sourceTree = "<group>";
		};
		9229D0A31A04E39E0025A128 /* Products */ = {
			isa = PBXGroup;
			children = (
				9229D0A21A04E39E0025A128 /* FindMaxSubarray */,
			);
			name = Products;
			sourceTree = "<group>";
		};
		9229D0A41A04E39E0025A128 /* FindMaxSubarray */ = {
			isa = PBXGroup;
			children = (
				9229D0A51A04E39E0025A128 /* findMaxSubarray.c */,
			);
			path = FindMaxSubarray;
			sourceTree = "<group>";
		};
/* End PBXGroup section */

/* Begin PBXNativeTarget section */
		9229D0A11A04E39E0025A128 /* FindMaxSubarray */ = {
			isa = PBXNativeTarget;
			buildConfigurationList = 9229D0A91A04E39E0025A128 /* Build configuration list for PBXNativeTarget "FindMaxSubarray" */;
			buildPhases = (
				9229D09E1A04E39E0025A128 /* Sources */,
				9229D09F1A04E39E0025A128 /* Frameworks */,
				9229D0A01A04E39E0025A128 /* CopyFiles */,
			);
			buildRules = (
			);
			dependencies = (
			);
			name = FindMaxSubarray;
			productName = FindMaxSubarray;
			productReference = 9229D0A21A04E39E0025A128 /* FindMaxSubarray */;
			productType = "com.apple.product-type.tool";
		};
/* End PBXNativeTarget section */

/* Begin PBXProject section */
		9229D09A1A04E39E0025A128 /* Project object */ = {
			isa = PBXProject;
			attributes = {
				LastUpgradeCheck = 0610;
				ORGANIZATIONNAME = "김다혜";
				TargetAttributes = {
					9229D0A11A04E39E0025A128 = {
						CreatedOnToolsVersion = 6.1;
					};
				};
			};
			buildConfigurationList = 9229D09D1A04E39E0025A128 /* Build configuration list for PBXProject "FindMaxSubarray" */;
			compatibilityVersion = "Xcode 3.2";
			developmentRegion = English;
			hasScannedForEncodings = 0;
			knownRegions = (
				en,
			);
			mainGroup = 9229D0991A04E39E0025A128;
			productRefGroup = 9229D0A31A04E39E0025A128 /* Products */;
			projectDirPath = "";
			projectRoot = "";
			targets = (
				9229D0A11A04E39E0025A128 /* FindMaxSubarray */,
			);
		};
/* End PBXProject section */

/* Begin PBXSourcesBuildPhase section */
		9229D09E1A04E39E0025A128 /* Sources */ = {
			isa = PBXSourcesBuildPhase;
			buildActionMask = 2147483647;
			files = (
				9229D0A61A04E39E0025A128 /* findMaxSubarray.c in Sources */,
			);
			runOnlyForDeploymentPostprocessing = 0;
		};
/* End PBXSourcesBuildPhase section */

/* Begin XCBuildConfiguration section */
		9229D0A71A04E39E0025A128 /* Debug */ = {
			isa = XCBuildConfiguration;
			buildSettings = {
				ALWAYS_SEARCH_USER_PATHS = NO;
				CLANG_CXX_LANGUAGE_STANDARD = "gnu++0x";
				CLANG_CXX_LIBRARY = "libc++";
				CLANG_ENABLE_MODULES = YES;
				CLANG_ENABLE_OBJC_ARC = YES;
				CLANG_WARN_BOOL_CONVERSION = YES;
				CLANG_WARN_CONSTANT_CONVERSION = YES;
				CLANG_WARN_DIRECT_OBJC_ISA_USAGE = YES_ERROR;
				CLANG_WARN_EMPTY_BODY = YES;
				CLANG_WARN_ENUM_CONVERSION = YES;
				CLANG_WARN_INT_CONVERSION = YES;
				CLANG_WARN_OBJC_ROOT_CLASS = YES_ERROR;
				CLANG_WARN_UNREACHABLE_CODE = YES;
				CLANG_WARN__DUPLICATE_METHOD_MATCH = YES;
				COPY_PHASE_STRIP = NO;
				ENABLE_STRICT_OBJC_MSGSEND = YES;
				GCC_C_LANGUAGE_STANDARD = gnu99;
				GCC_DYNAMIC_NO_PIC = NO;
				GCC_OPTIMIZATION_LEVEL = 0;
				GCC_PREPROCESSOR_DEFINITIONS = (
					"DEBUG=1",
					"$(inherited)",
				);
				GCC_SYMBOLS_PRIVATE_EXTERN = NO;
				GCC_WARN_64_TO_32_BIT_CONVERSION = YES;
				GCC_WARN_ABOUT_RETURN_TYPE = YES_ERROR;
				GCC_WARN_UNDECLARED_SELECTOR = YES;
				GCC_WARN_UNINITIALIZED_AUTOS = YES_AGGRESSIVE;
				GCC_WARN_UNUSED_FUNCTION = YES;
				GCC_WARN_UNUSED_VARIABLE = YES;
				MACOSX_DEPLOYMENT_TARGET = 10.9;
				MTL_ENABLE_DEBUG_INFO = YES;
				ONLY_ACTIVE_ARCH = YES;
				SDKROOT = macosx;
			};
			name = Debug;
		};
		9229D0A81A04E39E0025A128 /* Release */ = {
			isa = XCBuildConfiguration;
			buildSettings = {
				ALWAYS_SEARCH_USER_PATHS = NO;
				CLANG_CXX_LANGUAGE_STANDARD = "gnu++0x";
				CLANG_CXX_LIBRARY = "libc++";
				CLANG_ENABLE_MODULES = YES;
				CLANG_ENABLE_OBJC_ARC = YES;
				CLANG_WARN_BOOL_CONVERSION = YES;
				CLANG_WARN_CONSTANT_CONVERSION = YES;
				CLANG_WARN_DIRECT_OBJC_ISA_USAGE = YES_ERROR;
				CLANG_WARN_EMPTY_BODY = YES;
				CLANG_WARN_ENUM_CONVERSION = YES;
				CLANG_WARN_INT_CONVERSION = YES;
				CLANG_WARN_OBJC_ROOT_CLASS = YES_ERROR;
				CLANG_WARN_UNREACHABLE_CODE = YES;
				CLANG_WARN__DUPLICATE_METHOD_MATCH = YES;
				COPY_PHASE_STRIP = YES;
				DEBUG_INFORMATION_FORMAT = "dwarf-with-dsym";
				ENABLE_NS_ASSERTIONS = NO;
				ENABLE_STRICT_OBJC_MSGSEND = YES;
				GCC_C_LANGUAGE_STANDARD = gnu99;
				GCC_WARN_64_TO_32_BIT_CONVERSION = YES;
				GCC_WARN_ABOUT_RETURN_TYPE = YES_ERROR;
				GCC_WARN_UNDECLARED_SELECTOR = YES;
				GCC_WARN_UNINITIALIZED_AUTOS = YES_AGGRESSIVE;
				GCC_WARN_UNUSED_FUNCTION = YES;
				GCC_WARN_UNUSED_VARIABLE = YES;
				MACOSX_DEPLOYMENT_TARGET = 10.9;
				MTL_ENABLE_DEBUG_INFO = NO;
				SDKROOT = macosx;
			};
			name = Release;
		};
		9229D0AA1A04E39E0025A128 /* Debug */ = {
			isa = XCBuildConfiguration;
			buildSettings = {
				PRODUCT_NAME = "$(TARGET_NAME)";
			};
			name = Debug;
		};
		9229D0AB1A04E39E0025A128 /* Release */ = {
			isa = XCBuildConfiguration;
			buildSettings = {
				PRODUCT_NAME = "$(TARGET_NAME)";
			};
			name = Release;
		};
/* End XCBuildConfiguration section */

/* Begin XCConfigurationList section */
		9229D09D1A04E39E0025A128 /* Build configuration list for PBXProject "FindMaxSubarray" */ = {
			isa = XCConfigurationList;
			buildConfigurations = (
				9229D0A71A04E39E0025A128 /* Debug */,
				9229D0A81A04E39E0025A128 /* Release */,
			);
			defaultConfigurationIsVisible = 0;
			defaultConfigurationName = Release;
		};
		9229D0A91A04E39E0025A128 /* Build configuration list for PBXNativeTarget "FindMaxSubarray" */ = {
			isa = XCConfigurationList;
			buildConfigurations = (
				9229D0AA1A04E39E0025A128 /* Debug */,
				9229D0AB1A04E39E0025A128 /* Release */,
			);
			defaultConfigurationIsVisible = 0;
			defaultConfigurationName = Release;
		};
/* End XCConfigurationList section */
	};
	rootObject = 9229D09A1A04E39E0025A128 /* Project object */;
}
